// !$*UTF8*$!
{
	archiveVersion = 1;
	classes = {
	};
	objectVersion = 48;
	objects = {

/* Begin PBXBuildFile section */
		AA20FF332146CBDF008EEFBE /* main.c in Sources */ = {isa = PBXBuildFile; fileRef = AA20FF322146CBDF008EEFBE /* main.c */; };
		AA20FF3D2146CC76008EEFBE /* ARVORE.C in Sources */ = {isa = PBXBuildFile; fileRef = AA20FF392146CC76008EEFBE /* ARVORE.C */; };
		AA20FF3E2146CC76008EEFBE /* LISTA.C in Sources */ = {isa = PBXBuildFile; fileRef = AA20FF3B2146CC76008EEFBE /* LISTA.C */; };
/* End PBXBuildFile section */

/* Begin PBXCopyFilesBuildPhase section */
		AA20FF2D2146CBDF008EEFBE /* CopyFiles */ = {
			isa = PBXCopyFilesBuildPhase;
			buildActionMask = 2147483647;
			dstPath = /usr/share/man/man1/;
			dstSubfolderSpec = 0;
			files = (
			);
			runOnlyForDeploymentPostprocessing = 1;
		};
/* End PBXCopyFilesBuildPhase section */

/* Begin PBXFileReference section */
		AA20FF2F2146CBDF008EEFBE /* main.c */ = {isa = PBXFileReference; explicitFileType = "compiled.mach-o.executable"; includeInIndex = 0; path = main.c; sourceTree = BUILT_PRODUCTS_DIR; };
		AA20FF322146CBDF008EEFBE /* main.c */ = {isa = PBXFileReference; lastKnownFileType = sourcecode.c.c; path = main.c; sourceTree = "<group>"; };
		AA20FF392146CC76008EEFBE /* ARVORE.C */ = {isa = PBXFileReference; fileEncoding = 4; lastKnownFileType = sourcecode.cpp.cpp; path = ARVORE.C; sourceTree = "<group>"; };
		AA20FF3A2146CC76008EEFBE /* ARVORE.H */ = {isa = PBXFileReference; fileEncoding = 4; lastKnownFileType = sourcecode.cpp.h; path = ARVORE.H; sourceTree = "<group>"; };
		AA20FF3B2146CC76008EEFBE /* LISTA.C */ = {isa = PBXFileReference; fileEncoding = 4; lastKnownFileType = sourcecode.cpp.cpp; path = LISTA.C; sourceTree = "<group>"; };
		AA20FF3C2146CC76008EEFBE /* LISTA.H */ = {isa = PBXFileReference; fileEncoding = 4; lastKnownFileType = sourcecode.cpp.h; path = LISTA.H; sourceTree = "<group>"; };
/* End PBXFileReference section */

/* Begin PBXFrameworksBuildPhase section */
		AA20FF2C2146CBDF008EEFBE /* Frameworks */ = {
			isa = PBXFrameworksBuildPhase;
			buildActionMask = 2147483647;
			files = (
			);
			runOnlyForDeploymentPostprocessing = 0;
		};
/* End PBXFrameworksBuildPhase section */

/* Begin PBXGroup section */
		AA20FF262146CBDF008EEFBE = {
			isa = PBXGroup;
			children = (
				AA20FF312146CBDF008EEFBE /* main.c */,
				AA20FF302146CBDF008EEFBE /* Products */,
			);
			sourceTree = "<group>";
		};
		AA20FF302146CBDF008EEFBE /* Products */ = {
			isa = PBXGroup;
			children = (
				AA20FF2F2146CBDF008EEFBE /* main.c */,
			);
			name = Products;
			sourceTree = "<group>";
		};
		AA20FF312146CBDF008EEFBE /* main.c */ = {
			isa = PBXGroup;
			children = (
				AA20FF392146CC76008EEFBE /* ARVORE.C */,
				AA20FF3A2146CC76008EEFBE /* ARVORE.H */,
				AA20FF3B2146CC76008EEFBE /* LISTA.C */,
				AA20FF3C2146CC76008EEFBE /* LISTA.H */,
				AA20FF322146CBDF008EEFBE /* main.c */,
			);
			path = main.c;
			sourceTree = "<group>";
		};
/* End PBXGroup section */

/* Begin PBXNativeTarget section */
		AA20FF2E2146CBDF008EEFBE /* main.c */ = {
			isa = PBXNativeTarget;
			buildConfigurationList = AA20FF362146CBDF008EEFBE /* Build configuration list for PBXNativeTarget "main.c" */;
			buildPhases = (
				AA20FF2B2146CBDF008EEFBE /* Sources */,
				AA20FF2C2146CBDF008EEFBE /* Frameworks */,
				AA20FF2D2146CBDF008EEFBE /* CopyFiles */,
			);
			buildRules = (
			);
			dependencies = (
			);
			name = main.c;
			productName = main.c;
			productReference = AA20FF2F2146CBDF008EEFBE /* main.c */;
			productType = "com.apple.product-type.tool";
		};
/* End PBXNativeTarget section */

/* Begin PBXProject section */
		AA20FF272146CBDF008EEFBE /* Project object */ = {
			isa = PBXProject;
			attributes = {
				LastUpgradeCheck = 0920;
				ORGANIZATIONNAME = "Bruna Paracat";
				TargetAttributes = {
					AA20FF2E2146CBDF008EEFBE = {
						CreatedOnToolsVersion = 9.2;
						ProvisioningStyle = Automatic;
					};
				};
			};
			buildConfigurationList = AA20FF2A2146CBDF008EEFBE /* Build configuration list for PBXProject "main.c" */;
			compatibilityVersion = "Xcode 8.0";
			developmentRegion = en;
			hasScannedForEncodings = 0;
			knownRegions = (
				en,
			);
			mainGroup = AA20FF262146CBDF008EEFBE;
			productRefGroup = AA20FF302146CBDF008EEFBE /* Products */;
			projectDirPath = "";
			projectRoot = "";
			targets = (
				AA20FF2E2146CBDF008EEFBE /* main.c */,
			);
		};
/* End PBXProject section */

/* Begin PBXSourcesBuildPhase section */
		AA20FF2B2146CBDF008EEFBE /* Sources */ = {
			isa = PBXSourcesBuildPhase;
			buildActionMask = 2147483647;
			files = (
				AA20FF3E2146CC76008EEFBE /* LISTA.C in Sources */,
				AA20FF3D2146CC76008EEFBE /* ARVORE.C in Sources */,
				AA20FF332146CBDF008EEFBE /* main.c in Sources */,
			);
			runOnlyForDeploymentPostprocessing = 0;
		};
/* End PBXSourcesBuildPhase section */

/* Begin XCBuildConfiguration section */
		AA20FF342146CBDF008EEFBE /* Debug */ = {
			isa = XCBuildConfiguration;
			buildSettings = {
				ALWAYS_SEARCH_USER_PATHS = NO;
				CLANG_ANALYZER_NONNULL = YES;
				CLANG_ANALYZER_NUMBER_OBJECT_CONVERSION = YES_AGGRESSIVE;
				CLANG_CXX_LANGUAGE_STANDARD = "gnu++14";
				CLANG_CXX_LIBRARY = "libc++";
				CLANG_ENABLE_MODULES = YES;
				CLANG_ENABLE_OBJC_ARC = YES;
				CLANG_WARN_BLOCK_CAPTURE_AUTORELEASING = YES;
				CLANG_WARN_BOOL_CONVERSION = YES;
				CLANG_WARN_COMMA = YES;
				CLANG_WARN_CONSTANT_CONVERSION = YES;
				CLANG_WARN_DIRECT_OBJC_ISA_USAGE = YES_ERROR;
				CLANG_WARN_DOCUMENTATION_COMMENTS = YES;
				CLANG_WARN_EMPTY_BODY = YES;
				CLANG_WARN_ENUM_CONVERSION = YES;
				CLANG_WARN_INFINITE_RECURSION = YES;
				CLANG_WARN_INT_CONVERSION = YES;
				CLANG_WARN_NON_LITERAL_NULL_CONVERSION = YES;
				CLANG_WARN_OBJC_LITERAL_CONVERSION = YES;
				CLANG_WARN_OBJC_ROOT_CLASS = YES_ERROR;
				CLANG_WARN_RANGE_LOOP_ANALYSIS = YES;
				CLANG_WARN_STRICT_PROTOTYPES = YES;
				CLANG_WARN_SUSPICIOUS_MOVE = YES;
				CLANG_WARN_UNGUARDED_AVAILABILITY = YES_AGGRESSIVE;
				CLANG_WARN_UNREACHABLE_CODE = YES;
				CLANG_WARN__DUPLICATE_METHOD_MATCH = YES;
				CODE_SIGN_IDENTITY = "-";
				COPY_PHASE_STRIP = NO;
				DEBUG_INFORMATION_FORMAT = dwarf;
				ENABLE_STRICT_OBJC_MSGSEND = YES;
				ENABLE_TESTABILITY = YES;
				GCC_C_LANGUAGE_STANDARD = gnu11;
				GCC_DYNAMIC_NO_PIC = NO;
				GCC_NO_COMMON_BLOCKS = YES;
				GCC_OPTIMIZATION_LEVEL = 0;
				GCC_PREPROCESSOR_DEFINITIONS = (
					"DEBUG=1",
					"$(inherited)",
				);
				GCC_WARN_64_TO_32_BIT_CONVERSION = YES;
				GCC_WARN_ABOUT_RETURN_TYPE = YES_ERROR;
				GCC_WARN_UNDECLARED_SELECTOR = YES;
				GCC_WARN_UNINITIALIZED_AUTOS = YES_AGGRESSIVE;
				GCC_WARN_UNUSED_FUNCTION = YES;
				GCC_WARN_UNUSED_VARIABLE = YES;
				MACOSX_DEPLOYMENT_TARGET = 10.13;
				MTL_ENABLE_DEBUG_INFO = YES;
				ONLY_ACTIVE_ARCH = YES;
				SDKROOT = macosx;
			};
			name = Debug;
		};
		AA20FF352146CBDF008EEFBE /* Release */ = {
			isa = XCBuildConfiguration;
			buildSettings = {
				ALWAYS_SEARCH_USER_PATHS = NO;
				CLANG_ANALYZER_NONNULL = YES;
				CLANG_ANALYZER_NUMBER_OBJECT_CONVERSION = YES_AGGRESSIVE;
				CLANG_CXX_LANGUAGE_STANDARD = "gnu++14";
				CLANG_CXX_LIBRARY = "libc++";
				CLANG_ENABLE_MODULES = YES;
				CLANG_ENABLE_OBJC_ARC = YES;
				CLANG_WARN_BLOCK_CAPTURE_AUTORELEASING = YES;
				CLANG_WARN_BOOL_CONVERSION = YES;
				CLANG_WARN_COMMA = YES;
				CLANG_WARN_CONSTANT_CONVERSION = YES;
				CLANG_WARN_DIRECT_OBJC_ISA_USAGE = YES_ERROR;
				CLANG_WARN_DOCUMENTATION_COMMENTS = YES;
				CLANG_WARN_EMPTY_BODY = YES;
				CLANG_WARN_ENUM_CONVERSION = YES;
				CLANG_WARN_INFINITE_RECURSION = YES;
				CLANG_WARN_INT_CONVERSION = YES;
				CLANG_WARN_NON_LITERAL_NULL_CONVERSION = YES;
				CLANG_WARN_OBJC_LITERAL_CONVERSION = YES;
				CLANG_WARN_OBJC_ROOT_CLASS = YES_ERROR;
				CLANG_WARN_RANGE_LOOP_ANALYSIS = YES;
				CLANG_WARN_STRICT_PROTOTYPES = YES;
				CLANG_WARN_SUSPICIOUS_MOVE = YES;
				CLANG_WARN_UNGUARDED_AVAILABILITY = YES_AGGRESSIVE;
				CLANG_WARN_UNREACHABLE_CODE = YES;
				CLANG_WARN__DUPLICATE_METHOD_MATCH = YES;
				CODE_SIGN_IDENTITY = "-";
				COPY_PHASE_STRIP = NO;
				DEBUG_INFORMATION_FORMAT = "dwarf-with-dsym";
				ENABLE_NS_ASSERTIONS = NO;
				ENABLE_STRICT_OBJC_MSGSEND = YES;
				GCC_C_LANGUAGE_STANDARD = gnu11;
				GCC_NO_COMMON_BLOCKS = YES;
				GCC_WARN_64_TO_32_BIT_CONVERSION = YES;
				GCC_WARN_ABOUT_RETURN_TYPE = YES_ERROR;
				GCC_WARN_UNDECLARED_SELECTOR = YES;
				GCC_WARN_UNINITIALIZED_AUTOS = YES_AGGRESSIVE;
				GCC_WARN_UNUSED_FUNCTION = YES;
				GCC_WARN_UNUSED_VARIABLE = YES;
				MACOSX_DEPLOYMENT_TARGET = 10.13;
				MTL_ENABLE_DEBUG_INFO = NO;
				SDKROOT = macosx;
			};
			name = Release;
		};
		AA20FF372146CBDF008EEFBE /* Debug */ = {
			isa = XCBuildConfiguration;
			buildSettings = {
				CODE_SIGN_STYLE = Automatic;
				PRODUCT_NAME = "$(TARGET_NAME)";
			};
			name = Debug;
		};
		AA20FF382146CBDF008EEFBE /* Release */ = {
			isa = XCBuildConfiguration;
			buildSettings = {
				CODE_SIGN_STYLE = Automatic;
				PRODUCT_NAME = "$(TARGET_NAME)";
			};
			name = Release;
		};
/* End XCBuildConfiguration section */

/* Begin XCConfigurationList section */
		AA20FF2A2146CBDF008EEFBE /* Build configuration list for PBXProject "main.c" */ = {
			isa = XCConfigurationList;
			buildConfigurations = (
				AA20FF342146CBDF008EEFBE /* Debug */,
				AA20FF352146CBDF008EEFBE /* Release */,
			);
			defaultConfigurationIsVisible = 0;
			defaultConfigurationName = Release;
		};
		AA20FF362146CBDF008EEFBE /* Build configuration list for PBXNativeTarget "main.c" */ = {
			isa = XCConfigurationList;
			buildConfigurations = (
				AA20FF372146CBDF008EEFBE /* Debug */,
				AA20FF382146CBDF008EEFBE /* Release */,
			);
			defaultConfigurationIsVisible = 0;
			defaultConfigurationName = Release;
		};
/* End XCConfigurationList section */
	};
	rootObject = AA20FF272146CBDF008EEFBE /* Project object */;
}
